// !$*UTF8*$!
{
	archiveVersion = 1;
	classes = {
	};
	objectVersion = 56;
	objects = {

/* Begin PBXBuildFile section */
		F71E64542ABCE0BE0049C4C0 /* MedirJuegosApp.swift in Sources */ = {isa = PBXBuildFile; fileRef = F71E64532ABCE0BE0049C4C0 /* MedirJuegosApp.swift */; };
		F71E64582ABCE0BF0049C4C0 /* Assets.xcassets in Resources */ = {isa = PBXBuildFile; fileRef = F71E64572ABCE0BF0049C4C0 /* Assets.xcassets */; };
		F71E645B2ABCE0BF0049C4C0 /* Preview Assets.xcassets in Resources */ = {isa = PBXBuildFile; fileRef = F71E645A2ABCE0BF0049C4C0 /* Preview Assets.xcassets */; };
		F71E64652ABCE18A0049C4C0 /* VerB.swift in Sources */ = {isa = PBXBuildFile; fileRef = F71E64642ABCE18A0049C4C0 /* VerB.swift */; };
		F71E64672ABCE1E80049C4C0 /* PrincipalView.swift in Sources */ = {isa = PBXBuildFile; fileRef = F71E64662ABCE1E80049C4C0 /* PrincipalView.swift */; };
		F72C81642B085C1500F4E31D /* GoogleService-Info.plist in Resources */ = {isa = PBXBuildFile; fileRef = F72C81632B085C1500F4E31D /* GoogleService-Info.plist */; };
		F72C81672B085EA900F4E31D /* FirebaseAnalytics in Frameworks */ = {isa = PBXBuildFile; productRef = F72C81662B085EA900F4E31D /* FirebaseAnalytics */; };
		F72C81692B085EA900F4E31D /* FirebaseAnalyticsOnDeviceConversion in Frameworks */ = {isa = PBXBuildFile; productRef = F72C81682B085EA900F4E31D /* FirebaseAnalyticsOnDeviceConversion */; };
		F72C816B2B085EA900F4E31D /* FirebaseAnalyticsSwift in Frameworks */ = {isa = PBXBuildFile; productRef = F72C816A2B085EA900F4E31D /* FirebaseAnalyticsSwift */; };
		F72C816D2B085EA900F4E31D /* FirebaseAnalyticsWithoutAdIdSupport in Frameworks */ = {isa = PBXBuildFile; productRef = F72C816C2B085EA900F4E31D /* FirebaseAnalyticsWithoutAdIdSupport */; };
		F72C816F2B085EA900F4E31D /* FirebaseAppCheck in Frameworks */ = {isa = PBXBuildFile; productRef = F72C816E2B085EA900F4E31D /* FirebaseAppCheck */; };
		F72C81712B085EA900F4E31D /* FirebaseAppDistribution-Beta in Frameworks */ = {isa = PBXBuildFile; productRef = F72C81702B085EA900F4E31D /* FirebaseAppDistribution-Beta */; };
		F72C81732B085EA900F4E31D /* FirebaseAuth in Frameworks */ = {isa = PBXBuildFile; productRef = F72C81722B085EA900F4E31D /* FirebaseAuth */; };
		F72C81752B085EA900F4E31D /* FirebaseAuthCombine-Community in Frameworks */ = {isa = PBXBuildFile; productRef = F72C81742B085EA900F4E31D /* FirebaseAuthCombine-Community */; };
		F72C81772B085EA900F4E31D /* FirebaseCrashlytics in Frameworks */ = {isa = PBXBuildFile; productRef = F72C81762B085EA900F4E31D /* FirebaseCrashlytics */; };
		F72C81792B085EA900F4E31D /* FirebaseDatabase in Frameworks */ = {isa = PBXBuildFile; productRef = F72C81782B085EA900F4E31D /* FirebaseDatabase */; };
		F72C81812B08646300F4E31D /* ContentViewModel.swift in Sources */ = {isa = PBXBuildFile; fileRef = F72C81802B08646300F4E31D /* ContentViewModel.swift */; };
		F72C81842B08651E00F4E31D /* AuthService.swift in Sources */ = {isa = PBXBuildFile; fileRef = F72C81832B08651E00F4E31D /* AuthService.swift */; };
		F72C81862B0866B700F4E31D /* RegisterViewModel.swift in Sources */ = {isa = PBXBuildFile; fileRef = F72C81852B0866B700F4E31D /* RegisterViewModel.swift */; };
		F72C818A2B0868C700F4E31D /* LogInView.swift in Sources */ = {isa = PBXBuildFile; fileRef = F72C81892B0868C700F4E31D /* LogInView.swift */; };
		F72C818C2B08694B00F4E31D /* CircleImage.swift in Sources */ = {isa = PBXBuildFile; fileRef = F72C818B2B08694B00F4E31D /* CircleImage.swift */; };
		F72C818E2B08699A00F4E31D /* AuthTextfieldModifier.swift in Sources */ = {isa = PBXBuildFile; fileRef = F72C818D2B08699A00F4E31D /* AuthTextfieldModifier.swift */; };
		F72C81902B086A9E00F4E31D /* AddEmailView.swift in Sources */ = {isa = PBXBuildFile; fileRef = F72C818F2B086A9E00F4E31D /* AddEmailView.swift */; };
		F72C81922B086B3700F4E31D /* CreateUsernameView.swift in Sources */ = {isa = PBXBuildFile; fileRef = F72C81912B086B3700F4E31D /* CreateUsernameView.swift */; };
		F72C81942B0D90C300F4E31D /* LoginViewModel.swift in Sources */ = {isa = PBXBuildFile; fileRef = F72C81932B0D90C300F4E31D /* LoginViewModel.swift */; };
		F72C81962B0D913A00F4E31D /* CreatePasswordView.swift in Sources */ = {isa = PBXBuildFile; fileRef = F72C81952B0D913A00F4E31D /* CreatePasswordView.swift */; };
		F79365012B0D94A5006144B1 /* CompleteSignUpView.swift in Sources */ = {isa = PBXBuildFile; fileRef = F79365002B0D94A5006144B1 /* CompleteSignUpView.swift */; };
		F79365032B0D96EF006144B1 /* ContentView.swift in Sources */ = {isa = PBXBuildFile; fileRef = F79365022B0D96EF006144B1 /* ContentView.swift */; };
		F7D01F262B02B04B008720A7 /* InicioView.swift in Sources */ = {isa = PBXBuildFile; fileRef = F7D01F252B02B04B008720A7 /* InicioView.swift */; };
		F7D01F282B02B410008720A7 /* StatsView.swift in Sources */ = {isa = PBXBuildFile; fileRef = F7D01F272B02B410008720A7 /* StatsView.swift */; };
		F7D01F2A2B02B9D3008720A7 /* AjustesView.swift in Sources */ = {isa = PBXBuildFile; fileRef = F7D01F292B02B9D3008720A7 /* AjustesView.swift */; };
		F7F7467A2B028FD300D5FA43 /* JuegoCard.swift in Sources */ = {isa = PBXBuildFile; fileRef = F7F746792B028FD300D5FA43 /* JuegoCard.swift */; };
/* End PBXBuildFile section */

/* Begin PBXFileReference section */
		F71E64502ABCE0BE0049C4C0 /* MedirJuegos.app */ = {isa = PBXFileReference; explicitFileType = wrapper.application; includeInIndex = 0; path = MedirJuegos.app; sourceTree = BUILT_PRODUCTS_DIR; };
		F71E64532ABCE0BE0049C4C0 /* MedirJuegosApp.swift */ = {isa = PBXFileReference; lastKnownFileType = sourcecode.swift; path = MedirJuegosApp.swift; sourceTree = "<group>"; };
		F71E64572ABCE0BF0049C4C0 /* Assets.xcassets */ = {isa = PBXFileReference; lastKnownFileType = folder.assetcatalog; path = Assets.xcassets; sourceTree = "<group>"; };
		F71E645A2ABCE0BF0049C4C0 /* Preview Assets.xcassets */ = {isa = PBXFileReference; lastKnownFileType = folder.assetcatalog; path = "Preview Assets.xcassets"; sourceTree = "<group>"; };
		F71E64642ABCE18A0049C4C0 /* VerB.swift */ = {isa = PBXFileReference; lastKnownFileType = sourcecode.swift; path = VerB.swift; sourceTree = "<group>"; };
		F71E64662ABCE1E80049C4C0 /* PrincipalView.swift */ = {isa = PBXFileReference; lastKnownFileType = sourcecode.swift; path = PrincipalView.swift; sourceTree = "<group>"; };
		F72C81632B085C1500F4E31D /* GoogleService-Info.plist */ = {isa = PBXFileReference; fileEncoding = 4; lastKnownFileType = text.plist.xml; path = "GoogleService-Info.plist"; sourceTree = "<group>"; };
		F72C81802B08646300F4E31D /* ContentViewModel.swift */ = {isa = PBXFileReference; lastKnownFileType = sourcecode.swift; path = ContentViewModel.swift; sourceTree = "<group>"; };
		F72C81832B08651E00F4E31D /* AuthService.swift */ = {isa = PBXFileReference; lastKnownFileType = sourcecode.swift; path = AuthService.swift; sourceTree = "<group>"; };
		F72C81852B0866B700F4E31D /* RegisterViewModel.swift */ = {isa = PBXFileReference; lastKnownFileType = sourcecode.swift; path = RegisterViewModel.swift; sourceTree = "<group>"; };
		F72C81892B0868C700F4E31D /* LogInView.swift */ = {isa = PBXFileReference; lastKnownFileType = sourcecode.swift; path = LogInView.swift; sourceTree = "<group>"; };
		F72C818B2B08694B00F4E31D /* CircleImage.swift */ = {isa = PBXFileReference; lastKnownFileType = sourcecode.swift; path = CircleImage.swift; sourceTree = "<group>"; };
		F72C818D2B08699A00F4E31D /* AuthTextfieldModifier.swift */ = {isa = PBXFileReference; lastKnownFileType = sourcecode.swift; path = AuthTextfieldModifier.swift; sourceTree = "<group>"; };
		F72C818F2B086A9E00F4E31D /* AddEmailView.swift */ = {isa = PBXFileReference; lastKnownFileType = sourcecode.swift; path = AddEmailView.swift; sourceTree = "<group>"; };
		F72C81912B086B3700F4E31D /* CreateUsernameView.swift */ = {isa = PBXFileReference; lastKnownFileType = sourcecode.swift; path = CreateUsernameView.swift; sourceTree = "<group>"; };
		F72C81932B0D90C300F4E31D /* LoginViewModel.swift */ = {isa = PBXFileReference; lastKnownFileType = sourcecode.swift; path = LoginViewModel.swift; sourceTree = "<group>"; };
		F72C81952B0D913A00F4E31D /* CreatePasswordView.swift */ = {isa = PBXFileReference; lastKnownFileType = sourcecode.swift; path = CreatePasswordView.swift; sourceTree = "<group>"; };
		F79365002B0D94A5006144B1 /* CompleteSignUpView.swift */ = {isa = PBXFileReference; lastKnownFileType = sourcecode.swift; path = CompleteSignUpView.swift; sourceTree = "<group>"; };
		F79365022B0D96EF006144B1 /* ContentView.swift */ = {isa = PBXFileReference; lastKnownFileType = sourcecode.swift; path = ContentView.swift; sourceTree = "<group>"; };
		F7D01F252B02B04B008720A7 /* InicioView.swift */ = {isa = PBXFileReference; lastKnownFileType = sourcecode.swift; path = InicioView.swift; sourceTree = "<group>"; };
		F7D01F272B02B410008720A7 /* StatsView.swift */ = {isa = PBXFileReference; lastKnownFileType = sourcecode.swift; path = StatsView.swift; sourceTree = "<group>"; };
		F7D01F292B02B9D3008720A7 /* AjustesView.swift */ = {isa = PBXFileReference; lastKnownFileType = sourcecode.swift; path = AjustesView.swift; sourceTree = "<group>"; };
		F7F746792B028FD300D5FA43 /* JuegoCard.swift */ = {isa = PBXFileReference; lastKnownFileType = sourcecode.swift; path = JuegoCard.swift; sourceTree = "<group>"; };
/* End PBXFileReference section */

/* Begin PBXFrameworksBuildPhase section */
		F71E644D2ABCE0BE0049C4C0 /* Frameworks */ = {
			isa = PBXFrameworksBuildPhase;
			buildActionMask = 2147483647;
			files = (
				F72C81792B085EA900F4E31D /* FirebaseDatabase in Frameworks */,
				F72C816B2B085EA900F4E31D /* FirebaseAnalyticsSwift in Frameworks */,
				F72C81672B085EA900F4E31D /* FirebaseAnalytics in Frameworks */,
				F72C81692B085EA900F4E31D /* FirebaseAnalyticsOnDeviceConversion in Frameworks */,
				F72C816F2B085EA900F4E31D /* FirebaseAppCheck in Frameworks */,
				F72C816D2B085EA900F4E31D /* FirebaseAnalyticsWithoutAdIdSupport in Frameworks */,
				F72C81732B085EA900F4E31D /* FirebaseAuth in Frameworks */,
				F72C81772B085EA900F4E31D /* FirebaseCrashlytics in Frameworks */,
				F72C81712B085EA900F4E31D /* FirebaseAppDistribution-Beta in Frameworks */,
				F72C81752B085EA900F4E31D /* FirebaseAuthCombine-Community in Frameworks */,
			);
			runOnlyForDeploymentPostprocessing = 0;
		};
/* End PBXFrameworksBuildPhase section */

/* Begin PBXGroup section */
		F71E64472ABCE0BE0049C4C0 = {
			isa = PBXGroup;
			children = (
				F71E64522ABCE0BE0049C4C0 /* MedirJuegos */,
				F71E64512ABCE0BE0049C4C0 /* Products */,
			);
			sourceTree = "<group>";
		};
		F71E64512ABCE0BE0049C4C0 /* Products */ = {
			isa = PBXGroup;
			children = (
				F71E64502ABCE0BE0049C4C0 /* MedirJuegos.app */,
			);
			name = Products;
			sourceTree = "<group>";
		};
		F71E64522ABCE0BE0049C4C0 /* MedirJuegos */ = {
			isa = PBXGroup;
			children = (
				F72C81632B085C1500F4E31D /* GoogleService-Info.plist */,
				F71E64532ABCE0BE0049C4C0 /* MedirJuegosApp.swift */,
				F71E64572ABCE0BF0049C4C0 /* Assets.xcassets */,
				F71E64592ABCE0BF0049C4C0 /* Preview Content */,
				F71E64612ABCE1650049C4C0 /* Views */,
			);
			path = MedirJuegos;
			sourceTree = "<group>";
		};
		F71E64592ABCE0BF0049C4C0 /* Preview Content */ = {
			isa = PBXGroup;
			children = (
				F71E645A2ABCE0BF0049C4C0 /* Preview Assets.xcassets */,
			);
			path = "Preview Content";
			sourceTree = "<group>";
		};
		F71E64612ABCE1650049C4C0 /* Views */ = {
			isa = PBXGroup;
			children = (
				F7D01F292B02B9D3008720A7 /* AjustesView.swift */,
				F79365022B0D96EF006144B1 /* ContentView.swift */,
				F7D01F252B02B04B008720A7 /* InicioView.swift */,
				F71E64662ABCE1E80049C4C0 /* PrincipalView.swift */,
				F7D01F272B02B410008720A7 /* StatsView.swift */,
				F71E64642ABCE18A0049C4C0 /* VerB.swift */,
				F72C81882B08683000F4E31D /* Authentication */,
				F7F746782B028FC400D5FA43 /* Components */,
				F72C817F2B08644F00F4E31D /* Model */,
				F72C81822B0864C000F4E31D /* Service */,
			);
			path = Views;
			sourceTree = "<group>";
		};
		F72C817F2B08644F00F4E31D /* Model */ = {
			isa = PBXGroup;
			children = (
				F72C81802B08646300F4E31D /* ContentViewModel.swift */,
				F72C81852B0866B700F4E31D /* RegisterViewModel.swift */,
				F72C81932B0D90C300F4E31D /* LoginViewModel.swift */,
			);
			path = Model;
			sourceTree = "<group>";
		};
		F72C81822B0864C000F4E31D /* Service */ = {
			isa = PBXGroup;
			children = (
				F72C81832B08651E00F4E31D /* AuthService.swift */,
			);
			path = Service;
			sourceTree = "<group>";
		};
		F72C81882B08683000F4E31D /* Authentication */ = {
			isa = PBXGroup;
			children = (
				F72C818F2B086A9E00F4E31D /* AddEmailView.swift */,
				F72C81892B0868C700F4E31D /* LogInView.swift */,
				F72C81912B086B3700F4E31D /* CreateUsernameView.swift */,
				F72C81952B0D913A00F4E31D /* CreatePasswordView.swift */,
				F79365002B0D94A5006144B1 /* CompleteSignUpView.swift */,
			);
			path = Authentication;
			sourceTree = "<group>";
		};
		F7F746782B028FC400D5FA43 /* Components */ = {
			isa = PBXGroup;
			children = (
				F7F746792B028FD300D5FA43 /* JuegoCard.swift */,
				F72C818B2B08694B00F4E31D /* CircleImage.swift */,
				F72C818D2B08699A00F4E31D /* AuthTextfieldModifier.swift */,
			);
			path = Components;
			sourceTree = "<group>";
		};
/* End PBXGroup section */

/* Begin PBXNativeTarget section */
		F71E644F2ABCE0BE0049C4C0 /* MedirJuegos */ = {
			isa = PBXNativeTarget;
			buildConfigurationList = F71E645E2ABCE0BF0049C4C0 /* Build configuration list for PBXNativeTarget "MedirJuegos" */;
			buildPhases = (
				F71E644C2ABCE0BE0049C4C0 /* Sources */,
				F71E644D2ABCE0BE0049C4C0 /* Frameworks */,
				F71E644E2ABCE0BE0049C4C0 /* Resources */,
			);
			buildRules = (
			);
			dependencies = (
			);
			name = MedirJuegos;
			packageProductDependencies = (
				F72C81662B085EA900F4E31D /* FirebaseAnalytics */,
				F72C81682B085EA900F4E31D /* FirebaseAnalyticsOnDeviceConversion */,
				F72C816A2B085EA900F4E31D /* FirebaseAnalyticsSwift */,
				F72C816C2B085EA900F4E31D /* FirebaseAnalyticsWithoutAdIdSupport */,
				F72C816E2B085EA900F4E31D /* FirebaseAppCheck */,
				F72C81702B085EA900F4E31D /* FirebaseAppDistribution-Beta */,
				F72C81722B085EA900F4E31D /* FirebaseAuth */,
				F72C81742B085EA900F4E31D /* FirebaseAuthCombine-Community */,
				F72C81762B085EA900F4E31D /* FirebaseCrashlytics */,
				F72C81782B085EA900F4E31D /* FirebaseDatabase */,
			);
			productName = MedirJuegos;
			productReference = F71E64502ABCE0BE0049C4C0 /* MedirJuegos.app */;
			productType = "com.apple.product-type.application";
		};
/* End PBXNativeTarget section */

/* Begin PBXProject section */
		F71E64482ABCE0BE0049C4C0 /* Project object */ = {
			isa = PBXProject;
			attributes = {
				BuildIndependentTargetsInParallel = 1;
				LastSwiftUpdateCheck = 1430;
				LastUpgradeCheck = 1430;
				TargetAttributes = {
					F71E644F2ABCE0BE0049C4C0 = {
						CreatedOnToolsVersion = 14.3.1;
					};
				};
			};
			buildConfigurationList = F71E644B2ABCE0BE0049C4C0 /* Build configuration list for PBXProject "MedirJuegos" */;
			compatibilityVersion = "Xcode 14.0";
			developmentRegion = en;
			hasScannedForEncodings = 0;
			knownRegions = (
				en,
				Base,
			);
			mainGroup = F71E64472ABCE0BE0049C4C0;
			packageReferences = (
				F72C81652B085EA900F4E31D /* XCRemoteSwiftPackageReference "firebase-ios-sdk" */,
			);
			productRefGroup = F71E64512ABCE0BE0049C4C0 /* Products */;
			projectDirPath = "";
			projectRoot = "";
			targets = (
				F71E644F2ABCE0BE0049C4C0 /* MedirJuegos */,
			);
		};
/* End PBXProject section */

/* Begin PBXResourcesBuildPhase section */
		F71E644E2ABCE0BE0049C4C0 /* Resources */ = {
			isa = PBXResourcesBuildPhase;
			buildActionMask = 2147483647;
			files = (
				F71E645B2ABCE0BF0049C4C0 /* Preview Assets.xcassets in Resources */,
				F71E64582ABCE0BF0049C4C0 /* Assets.xcassets in Resources */,
				F72C81642B085C1500F4E31D /* GoogleService-Info.plist in Resources */,
			);
			runOnlyForDeploymentPostprocessing = 0;
		};
/* End PBXResourcesBuildPhase section */

/* Begin PBXSourcesBuildPhase section */
		F71E644C2ABCE0BE0049C4C0 /* Sources */ = {
			isa = PBXSourcesBuildPhase;
			buildActionMask = 2147483647;
			files = (
				F72C81902B086A9E00F4E31D /* AddEmailView.swift in Sources */,
				F71E64672ABCE1E80049C4C0 /* PrincipalView.swift in Sources */,
				F72C81922B086B3700F4E31D /* CreateUsernameView.swift in Sources */,
				F72C81962B0D913A00F4E31D /* CreatePasswordView.swift in Sources */,
				F7D01F262B02B04B008720A7 /* InicioView.swift in Sources */,
				F7D01F282B02B410008720A7 /* StatsView.swift in Sources */,
				F72C818C2B08694B00F4E31D /* CircleImage.swift in Sources */,
				F79365012B0D94A5006144B1 /* CompleteSignUpView.swift in Sources */,
				F79365032B0D96EF006144B1 /* ContentView.swift in Sources */,
				F71E64652ABCE18A0049C4C0 /* VerB.swift in Sources */,
				F72C81862B0866B700F4E31D /* RegisterViewModel.swift in Sources */,
				F72C818E2B08699A00F4E31D /* AuthTextfieldModifier.swift in Sources */,
				F72C81942B0D90C300F4E31D /* LoginViewModel.swift in Sources */,
				F72C818A2B0868C700F4E31D /* LogInView.swift in Sources */,
				F72C81812B08646300F4E31D /* ContentViewModel.swift in Sources */,
				F7F7467A2B028FD300D5FA43 /* JuegoCard.swift in Sources */,
				F72C81842B08651E00F4E31D /* AuthService.swift in Sources */,
				F71E64542ABCE0BE0049C4C0 /* MedirJuegosApp.swift in Sources */,
				F7D01F2A2B02B9D3008720A7 /* AjustesView.swift in Sources */,
			);
			runOnlyForDeploymentPostprocessing = 0;
		};
/* End PBXSourcesBuildPhase section */

/* Begin XCBuildConfiguration section */
		F71E645C2ABCE0BF0049C4C0 /* Debug */ = {
			isa = XCBuildConfiguration;
			buildSettings = {
				ALWAYS_SEARCH_USER_PATHS = NO;
				CLANG_ANALYZER_NONNULL = YES;
				CLANG_ANALYZER_NUMBER_OBJECT_CONVERSION = YES_AGGRESSIVE;
				CLANG_CXX_LANGUAGE_STANDARD = "gnu++20";
				CLANG_ENABLE_MODULES = YES;
				CLANG_ENABLE_OBJC_ARC = YES;
				CLANG_ENABLE_OBJC_WEAK = YES;
				CLANG_WARN_BLOCK_CAPTURE_AUTORELEASING = YES;
				CLANG_WARN_BOOL_CONVERSION = YES;
				CLANG_WARN_COMMA = YES;
				CLANG_WARN_CONSTANT_CONVERSION = YES;
				CLANG_WARN_DEPRECATED_OBJC_IMPLEMENTATIONS = YES;
				CLANG_WARN_DIRECT_OBJC_ISA_USAGE = YES_ERROR;
				CLANG_WARN_DOCUMENTATION_COMMENTS = YES;
				CLANG_WARN_EMPTY_BODY = YES;
				CLANG_WARN_ENUM_CONVERSION = YES;
				CLANG_WARN_INFINITE_RECURSION = YES;
				CLANG_WARN_INT_CONVERSION = YES;
				CLANG_WARN_NON_LITERAL_NULL_CONVERSION = YES;
				CLANG_WARN_OBJC_IMPLICIT_RETAIN_SELF = YES;
				CLANG_WARN_OBJC_LITERAL_CONVERSION = YES;
				CLANG_WARN_OBJC_ROOT_CLASS = YES_ERROR;
				CLANG_WARN_QUOTED_INCLUDE_IN_FRAMEWORK_HEADER = YES;
				CLANG_WARN_RANGE_LOOP_ANALYSIS = YES;
				CLANG_WARN_STRICT_PROTOTYPES = YES;
				CLANG_WARN_SUSPICIOUS_MOVE = YES;
				CLANG_WARN_UNGUARDED_AVAILABILITY = YES_AGGRESSIVE;
				CLANG_WARN_UNREACHABLE_CODE = YES;
				CLANG_WARN__DUPLICATE_METHOD_MATCH = YES;
				COPY_PHASE_STRIP = NO;
				DEBUG_INFORMATION_FORMAT = dwarf;
				ENABLE_STRICT_OBJC_MSGSEND = YES;
				ENABLE_TESTABILITY = YES;
				GCC_C_LANGUAGE_STANDARD = gnu11;
				GCC_DYNAMIC_NO_PIC = NO;
				GCC_NO_COMMON_BLOCKS = YES;
				GCC_OPTIMIZATION_LEVEL = 0;
				GCC_PREPROCESSOR_DEFINITIONS = (
					"DEBUG=1",
					"$(inherited)",
				);
				GCC_WARN_64_TO_32_BIT_CONVERSION = YES;
				GCC_WARN_ABOUT_RETURN_TYPE = YES_ERROR;
				GCC_WARN_UNDECLARED_SELECTOR = YES;
				GCC_WARN_UNINITIALIZED_AUTOS = YES_AGGRESSIVE;
				GCC_WARN_UNUSED_FUNCTION = YES;
				GCC_WARN_UNUSED_VARIABLE = YES;
				IPHONEOS_DEPLOYMENT_TARGET = 16.4;
				MTL_ENABLE_DEBUG_INFO = INCLUDE_SOURCE;
				MTL_FAST_MATH = YES;
				ONLY_ACTIVE_ARCH = YES;
				SDKROOT = iphoneos;
				SWIFT_ACTIVE_COMPILATION_CONDITIONS = DEBUG;
				SWIFT_OPTIMIZATION_LEVEL = "-Onone";
			};
			name = Debug;
		};
		F71E645D2ABCE0BF0049C4C0 /* Release */ = {
			isa = XCBuildConfiguration;
			buildSettings = {
				ALWAYS_SEARCH_USER_PATHS = NO;
				CLANG_ANALYZER_NONNULL = YES;
				CLANG_ANALYZER_NUMBER_OBJECT_CONVERSION = YES_AGGRESSIVE;
				CLANG_CXX_LANGUAGE_STANDARD = "gnu++20";
				CLANG_ENABLE_MODULES = YES;
				CLANG_ENABLE_OBJC_ARC = YES;
				CLANG_ENABLE_OBJC_WEAK = YES;
				CLANG_WARN_BLOCK_CAPTURE_AUTORELEASING = YES;
				CLANG_WARN_BOOL_CONVERSION = YES;
				CLANG_WARN_COMMA = YES;
				CLANG_WARN_CONSTANT_CONVERSION = YES;
				CLANG_WARN_DEPRECATED_OBJC_IMPLEMENTATIONS = YES;
				CLANG_WARN_DIRECT_OBJC_ISA_USAGE = YES_ERROR;
				CLANG_WARN_DOCUMENTATION_COMMENTS = YES;
				CLANG_WARN_EMPTY_BODY = YES;
				CLANG_WARN_ENUM_CONVERSION = YES;
				CLANG_WARN_INFINITE_RECURSION = YES;
				CLANG_WARN_INT_CONVERSION = YES;
				CLANG_WARN_NON_LITERAL_NULL_CONVERSION = YES;
				CLANG_WARN_OBJC_IMPLICIT_RETAIN_SELF = YES;
				CLANG_WARN_OBJC_LITERAL_CONVERSION = YES;
				CLANG_WARN_OBJC_ROOT_CLASS = YES_ERROR;
				CLANG_WARN_QUOTED_INCLUDE_IN_FRAMEWORK_HEADER = YES;
				CLANG_WARN_RANGE_LOOP_ANALYSIS = YES;
				CLANG_WARN_STRICT_PROTOTYPES = YES;
				CLANG_WARN_SUSPICIOUS_MOVE = YES;
				CLANG_WARN_UNGUARDED_AVAILABILITY = YES_AGGRESSIVE;
				CLANG_WARN_UNREACHABLE_CODE = YES;
				CLANG_WARN__DUPLICATE_METHOD_MATCH = YES;
				COPY_PHASE_STRIP = NO;
				DEBUG_INFORMATION_FORMAT = "dwarf-with-dsym";
				ENABLE_NS_ASSERTIONS = NO;
				ENABLE_STRICT_OBJC_MSGSEND = YES;
				GCC_C_LANGUAGE_STANDARD = gnu11;
				GCC_NO_COMMON_BLOCKS = YES;
				GCC_WARN_64_TO_32_BIT_CONVERSION = YES;
				GCC_WARN_ABOUT_RETURN_TYPE = YES_ERROR;
				GCC_WARN_UNDECLARED_SELECTOR = YES;
				GCC_WARN_UNINITIALIZED_AUTOS = YES_AGGRESSIVE;
				GCC_WARN_UNUSED_FUNCTION = YES;
				GCC_WARN_UNUSED_VARIABLE = YES;
				IPHONEOS_DEPLOYMENT_TARGET = 16.4;
				MTL_ENABLE_DEBUG_INFO = NO;
				MTL_FAST_MATH = YES;
				SDKROOT = iphoneos;
				SWIFT_COMPILATION_MODE = wholemodule;
				SWIFT_OPTIMIZATION_LEVEL = "-O";
				VALIDATE_PRODUCT = YES;
			};
			name = Release;
		};
		F71E645F2ABCE0BF0049C4C0 /* Debug */ = {
			isa = XCBuildConfiguration;
			buildSettings = {
				ASSETCATALOG_COMPILER_APPICON_NAME = AppIcon;
				ASSETCATALOG_COMPILER_GLOBAL_ACCENT_COLOR_NAME = AccentColor;
				CODE_SIGN_STYLE = Automatic;
				CURRENT_PROJECT_VERSION = 1;
				DEVELOPMENT_ASSET_PATHS = "\"MedirJuegos/Preview Content\"";
				ENABLE_PREVIEWS = YES;
				GENERATE_INFOPLIST_FILE = YES;
				INFOPLIST_KEY_UIApplicationSceneManifest_Generation = YES;
				INFOPLIST_KEY_UIApplicationSupportsIndirectInputEvents = YES;
				INFOPLIST_KEY_UILaunchScreen_Generation = YES;
				INFOPLIST_KEY_UISupportedInterfaceOrientations_iPad = "UIInterfaceOrientationPortrait UIInterfaceOrientationPortraitUpsideDown UIInterfaceOrientationLandscapeLeft UIInterfaceOrientationLandscapeRight";
				INFOPLIST_KEY_UISupportedInterfaceOrientations_iPhone = "UIInterfaceOrientationPortrait UIInterfaceOrientationLandscapeLeft UIInterfaceOrientationLandscapeRight";
				LD_RUNPATH_SEARCH_PATHS = (
					"$(inherited)",
					"@executable_path/Frameworks",
				);
				MARKETING_VERSION = 1.0;
				PRODUCT_BUNDLE_IDENTIFIER = proyecto.cibertec.MedirJuegos;
				PRODUCT_NAME = "$(TARGET_NAME)";
				SWIFT_EMIT_LOC_STRINGS = YES;
				SWIFT_VERSION = 5.0;
				TARGETED_DEVICE_FAMILY = "1,2";
			};
			name = Debug;
		};
		F71E64602ABCE0BF0049C4C0 /* Release */ = {
			isa = XCBuildConfiguration;
			buildSettings = {
				ASSETCATALOG_COMPILER_APPICON_NAME = AppIcon;
				ASSETCATALOG_COMPILER_GLOBAL_ACCENT_COLOR_NAME = AccentColor;
				CODE_SIGN_STYLE = Automatic;
				CURRENT_PROJECT_VERSION = 1;
				DEVELOPMENT_ASSET_PATHS = "\"MedirJuegos/Preview Content\"";
				ENABLE_PREVIEWS = YES;
				GENERATE_INFOPLIST_FILE = YES;
				INFOPLIST_KEY_UIApplicationSceneManifest_Generation = YES;
				INFOPLIST_KEY_UIApplicationSupportsIndirectInputEvents = YES;
				INFOPLIST_KEY_UILaunchScreen_Generation = YES;
				INFOPLIST_KEY_UISupportedInterfaceOrientations_iPad = "UIInterfaceOrientationPortrait UIInterfaceOrientationPortraitUpsideDown UIInterfaceOrientationLandscapeLeft UIInterfaceOrientationLandscapeRight";
				INFOPLIST_KEY_UISupportedInterfaceOrientations_iPhone = "UIInterfaceOrientationPortrait UIInterfaceOrientationLandscapeLeft UIInterfaceOrientationLandscapeRight";
				LD_RUNPATH_SEARCH_PATHS = (
					"$(inherited)",
					"@executable_path/Frameworks",
				);
				MARKETING_VERSION = 1.0;
				PRODUCT_BUNDLE_IDENTIFIER = proyecto.cibertec.MedirJuegos;
				PRODUCT_NAME = "$(TARGET_NAME)";
				SWIFT_EMIT_LOC_STRINGS = YES;
				SWIFT_VERSION = 5.0;
				TARGETED_DEVICE_FAMILY = "1,2";
			};
			name = Release;
		};
/* End XCBuildConfiguration section */

/* Begin XCConfigurationList section */
		F71E644B2ABCE0BE0049C4C0 /* Build configuration list for PBXProject "MedirJuegos" */ = {
			isa = XCConfigurationList;
			buildConfigurations = (
				F71E645C2ABCE0BF0049C4C0 /* Debug */,
				F71E645D2ABCE0BF0049C4C0 /* Release */,
			);
			defaultConfigurationIsVisible = 0;
			defaultConfigurationName = Release;
		};
		F71E645E2ABCE0BF0049C4C0 /* Build configuration list for PBXNativeTarget "MedirJuegos" */ = {
			isa = XCConfigurationList;
			buildConfigurations = (
				F71E645F2ABCE0BF0049C4C0 /* Debug */,
				F71E64602ABCE0BF0049C4C0 /* Release */,
			);
			defaultConfigurationIsVisible = 0;
			defaultConfigurationName = Release;
		};
/* End XCConfigurationList section */

/* Begin XCRemoteSwiftPackageReference section */
		F72C81652B085EA900F4E31D /* XCRemoteSwiftPackageReference "firebase-ios-sdk" */ = {
			isa = XCRemoteSwiftPackageReference;
			repositoryURL = "https://github.com/firebase/firebase-ios-sdk";
			requirement = {
				kind = upToNextMajorVersion;
				minimumVersion = 10.18.0;
			};
		};
/* End XCRemoteSwiftPackageReference section */

/* Begin XCSwiftPackageProductDependency section */
		F72C81662B085EA900F4E31D /* FirebaseAnalytics */ = {
			isa = XCSwiftPackageProductDependency;
			package = F72C81652B085EA900F4E31D /* XCRemoteSwiftPackageReference "firebase-ios-sdk" */;
			productName = FirebaseAnalytics;
		};
		F72C81682B085EA900F4E31D /* FirebaseAnalyticsOnDeviceConversion */ = {
			isa = XCSwiftPackageProductDependency;
			package = F72C81652B085EA900F4E31D /* XCRemoteSwiftPackageReference "firebase-ios-sdk" */;
			productName = FirebaseAnalyticsOnDeviceConversion;
		};
		F72C816A2B085EA900F4E31D /* FirebaseAnalyticsSwift */ = {
			isa = XCSwiftPackageProductDependency;
			package = F72C81652B085EA900F4E31D /* XCRemoteSwiftPackageReference "firebase-ios-sdk" */;
			productName = FirebaseAnalyticsSwift;
		};
		F72C816C2B085EA900F4E31D /* FirebaseAnalyticsWithoutAdIdSupport */ = {
			isa = XCSwiftPackageProductDependency;
			package = F72C81652B085EA900F4E31D /* XCRemoteSwiftPackageReference "firebase-ios-sdk" */;
			productName = FirebaseAnalyticsWithoutAdIdSupport;
		};
		F72C816E2B085EA900F4E31D /* FirebaseAppCheck */ = {
			isa = XCSwiftPackageProductDependency;
			package = F72C81652B085EA900F4E31D /* XCRemoteSwiftPackageReference "firebase-ios-sdk" */;
			productName = FirebaseAppCheck;
		};
		F72C81702B085EA900F4E31D /* FirebaseAppDistribution-Beta */ = {
			isa = XCSwiftPackageProductDependency;
			package = F72C81652B085EA900F4E31D /* XCRemoteSwiftPackageReference "firebase-ios-sdk" */;
			productName = "FirebaseAppDistribution-Beta";
		};
		F72C81722B085EA900F4E31D /* FirebaseAuth */ = {
			isa = XCSwiftPackageProductDependency;
			package = F72C81652B085EA900F4E31D /* XCRemoteSwiftPackageReference "firebase-ios-sdk" */;
			productName = FirebaseAuth;
		};
		F72C81742B085EA900F4E31D /* FirebaseAuthCombine-Community */ = {
			isa = XCSwiftPackageProductDependency;
			package = F72C81652B085EA900F4E31D /* XCRemoteSwiftPackageReference "firebase-ios-sdk" */;
			productName = "FirebaseAuthCombine-Community";
		};
		F72C81762B085EA900F4E31D /* FirebaseCrashlytics */ = {
			isa = XCSwiftPackageProductDependency;
			package = F72C81652B085EA900F4E31D /* XCRemoteSwiftPackageReference "firebase-ios-sdk" */;
			productName = FirebaseCrashlytics;
		};
		F72C81782B085EA900F4E31D /* FirebaseDatabase */ = {
			isa = XCSwiftPackageProductDependency;
			package = F72C81652B085EA900F4E31D /* XCRemoteSwiftPackageReference "firebase-ios-sdk" */;
			productName = FirebaseDatabase;
		};
/* End XCSwiftPackageProductDependency section */
	};
	rootObject = F71E64482ABCE0BE0049C4C0 /* Project object */;
}
